
Microsoft Visual Studio Solution File, Format Version 12.00
# Visual Studio Version 17
VisualStudioVersion = 17.4.33205.214
MinimumVisualStudioVersion = 10.0.40219.1
Project("{FAE04EC0-301F-11D3-BF4B-00C04F79EFBC}") = "LandManageMent", "LandManageMent\LandManageMent.csproj", "{CCD01D3F-80AE-47B9-A044-8E7EB78E75DC}"
EndProject
Global
	GlobalSection(SolutionConfigurationPlatforms) = preSolution
		Debug|Any CPU = Debug|Any CPU
		Release|Any CPU = Release|Any CPU
	EndGlobalSection
	GlobalSection(ProjectConfigurationPlatforms) = postSolution
		{CCD01D3F-80AE-47B9-A044-8E7EB78E75DC}.Debug|Any CPU.ActiveCfg = Debug|Any CPU
		{CCD01D3F-80AE-47B9-A044-8E7EB78E75DC}.Debug|Any CPU.Build.0 = Debug|Any CPU
		{CCD01D3F-80AE-47B9-A044-8E7EB78E75DC}.Release|Any CPU.ActiveCfg = Release|Any CPU
		{CCD01D3F-80AE-47B9-A044-8E7EB78E75DC}.Release|Any CPU.Build.0 = Release|Any CPU
	EndGlobalSection
	GlobalSection(SolutionProperties) = preSolution
		HideSolutionNode = FALSE
	EndGlobalSection
	GlobalSection(ExtensibilityGlobals) = postSolution
		SolutionGuid = {26BEEB32-8091-43CB-A296-E673E09F0EE9}
	EndGlobalSection
EndGlobal
